// !$*UTF8*$!
{
	archiveVersion = 1;
	classes = {
	};
	objectVersion = 50;
	objects = {

/* Begin PBXBuildFile section */
		7E4132852146C56E00D2549F /* SubSubCategories.swift in Sources */ = {isa = PBXBuildFile; fileRef = 7E4132842146C56E00D2549F /* SubSubCategories.swift */; };
		7E4132872146D69B00D2549F /* ListItem.swift in Sources */ = {isa = PBXBuildFile; fileRef = 7E4132862146D69B00D2549F /* ListItem.swift */; };
		7E41328921481F8300D2549F /* Post Details.swift in Sources */ = {isa = PBXBuildFile; fileRef = 7E41328821481F8300D2549F /* Post Details.swift */; };
		7EAD168D214AD4B500FF25F1 /* SingleItemCollectionViewController.swift in Sources */ = {isa = PBXBuildFile; fileRef = 7EAD168C214AD4B500FF25F1 /* SingleItemCollectionViewController.swift */; };
		7EAD168F214AD4D500FF25F1 /* SingleItemCollectionViewCell.swift in Sources */ = {isa = PBXBuildFile; fileRef = 7EAD168E214AD4D500FF25F1 /* SingleItemCollectionViewCell.swift */; };
		7EB6ED1621402BC50030167A /* Category.swift in Sources */ = {isa = PBXBuildFile; fileRef = 7EB6ED1521402BC50030167A /* Category.swift */; };
		7EB6ED1A214036510030167A /* CVExtension+CollectionView.swift in Sources */ = {isa = PBXBuildFile; fileRef = 7EB6ED19214036510030167A /* CVExtension+CollectionView.swift */; };
		7EB6ED2021403B320030167A /* ImageView.swift in Sources */ = {isa = PBXBuildFile; fileRef = 7EB6ED1F21403B320030167A /* ImageView.swift */; };
		7EB6ED2521403E1D0030167A /* CSExtension+CV.swift in Sources */ = {isa = PBXBuildFile; fileRef = 7EB6ED2421403E1D0030167A /* CSExtension+CV.swift */; };
		7EB6ED27214046390030167A /* AlertExtension.swift in Sources */ = {isa = PBXBuildFile; fileRef = 7EB6ED26214046390030167A /* AlertExtension.swift */; };
		7EB6ED3021405D5D0030167A /* SubCategory.swift in Sources */ = {isa = PBXBuildFile; fileRef = 7EB6ED2F21405D5D0030167A /* SubCategory.swift */; };
		7EBBF69A2144FB0E00A2117C /* ItemDetailsExtension.swift in Sources */ = {isa = PBXBuildFile; fileRef = 7EBBF6992144FB0E00A2117C /* ItemDetailsExtension.swift */; };
		7EBBF69D2144FB7B00A2117C /* APIService.swift in Sources */ = {isa = PBXBuildFile; fileRef = 7EBBF69C2144FB7B00A2117C /* APIService.swift */; };
		7EC1118F213BC0B900CFF334 /* AppDelegate.swift in Sources */ = {isa = PBXBuildFile; fileRef = 7EC1118E213BC0B900CFF334 /* AppDelegate.swift */; };
		7EC11191213BC0B900CFF334 /* CountriesViewController.swift in Sources */ = {isa = PBXBuildFile; fileRef = 7EC11190213BC0B900CFF334 /* CountriesViewController.swift */; };
		7EC11194213BC0B900CFF334 /* Main.storyboard in Resources */ = {isa = PBXBuildFile; fileRef = 7EC11192213BC0B900CFF334 /* Main.storyboard */; };
		7EC11196213BC0BA00CFF334 /* Assets.xcassets in Resources */ = {isa = PBXBuildFile; fileRef = 7EC11195213BC0BA00CFF334 /* Assets.xcassets */; };
		7EC11199213BC0BA00CFF334 /* LaunchScreen.storyboard in Resources */ = {isa = PBXBuildFile; fileRef = 7EC11197213BC0BA00CFF334 /* LaunchScreen.storyboard */; };
		7EC111A1213BC16900CFF334 /* ConstraintExtension.swift in Sources */ = {isa = PBXBuildFile; fileRef = 7EC111A0213BC16900CFF334 /* ConstraintExtension.swift */; };
		7EC111A3213BC25F00CFF334 /* Country.swift in Sources */ = {isa = PBXBuildFile; fileRef = 7EC111A2213BC25F00CFF334 /* Country.swift */; };
		7EC111A5213BC27300CFF334 /* CountryCell.swift in Sources */ = {isa = PBXBuildFile; fileRef = 7EC111A4213BC27300CFF334 /* CountryCell.swift */; };
		7EC111A7213BDC2500CFF334 /* Categories.swift in Sources */ = {isa = PBXBuildFile; fileRef = 7EC111A6213BDC2500CFF334 /* Categories.swift */; };
		7EC111A9213BE56000CFF334 /* CategoryCell.swift in Sources */ = {isa = PBXBuildFile; fileRef = 7EC111A8213BE56000CFF334 /* CategoryCell.swift */; };
		7EC111AF213C502A00CFF334 /* SubCategoriesViewController.swift in Sources */ = {isa = PBXBuildFile; fileRef = 7EC111AE213C502A00CFF334 /* SubCategoriesViewController.swift */; };
		7EC111B1213C51AA00CFF334 /* SubCategoryCell.swift in Sources */ = {isa = PBXBuildFile; fileRef = 7EC111B0213C51AA00CFF334 /* SubCategoryCell.swift */; };
		7EC111B3213C74E100CFF334 /* ItemDetails.swift in Sources */ = {isa = PBXBuildFile; fileRef = 7EC111B2213C74E100CFF334 /* ItemDetails.swift */; };
		7EC111B5213C75F100CFF334 /* ItemDetailsCell.swift in Sources */ = {isa = PBXBuildFile; fileRef = 7EC111B4213C75F100CFF334 /* ItemDetailsCell.swift */; };
		7ED762ED21649D61009EAD5B /* UserDefaults.swift in Sources */ = {isa = PBXBuildFile; fileRef = 7ED762EC21649D61009EAD5B /* UserDefaults.swift */; };
		A8389EB4D738A8C55E258074 /* Pods_skeletonProject.framework in Frameworks */ = {isa = PBXBuildFile; fileRef = CF10E20F0AE003E57D28EC4C /* Pods_skeletonProject.framework */; };
/* End PBXBuildFile section */

/* Begin PBXFileReference section */
		2DA1212B28D486C2D7D056D2 /* Pods-skeletonProject.debug.xcconfig */ = {isa = PBXFileReference; includeInIndex = 1; lastKnownFileType = text.xcconfig; name = "Pods-skeletonProject.debug.xcconfig"; path = "Pods/Target Support Files/Pods-skeletonProject/Pods-skeletonProject.debug.xcconfig"; sourceTree = "<group>"; };
		37A98627E9602DA71A3C96AC /* Pods-skeletonProject.release.xcconfig */ = {isa = PBXFileReference; includeInIndex = 1; lastKnownFileType = text.xcconfig; name = "Pods-skeletonProject.release.xcconfig"; path = "Pods/Target Support Files/Pods-skeletonProject/Pods-skeletonProject.release.xcconfig"; sourceTree = "<group>"; };
		7E4132842146C56E00D2549F /* SubSubCategories.swift */ = {isa = PBXFileReference; lastKnownFileType = sourcecode.swift; path = SubSubCategories.swift; sourceTree = "<group>"; };
		7E4132862146D69B00D2549F /* ListItem.swift */ = {isa = PBXFileReference; lastKnownFileType = sourcecode.swift; path = ListItem.swift; sourceTree = "<group>"; };
		7E41328821481F8300D2549F /* Post Details.swift */ = {isa = PBXFileReference; lastKnownFileType = sourcecode.swift; path = "Post Details.swift"; sourceTree = "<group>"; };
		7EAD168C214AD4B500FF25F1 /* SingleItemCollectionViewController.swift */ = {isa = PBXFileReference; lastKnownFileType = sourcecode.swift; path = SingleItemCollectionViewController.swift; sourceTree = "<group>"; };
		7EAD168E214AD4D500FF25F1 /* SingleItemCollectionViewCell.swift */ = {isa = PBXFileReference; lastKnownFileType = sourcecode.swift; path = SingleItemCollectionViewCell.swift; sourceTree = "<group>"; };
		7EB6ED1521402BC50030167A /* Category.swift */ = {isa = PBXFileReference; lastKnownFileType = sourcecode.swift; path = Category.swift; sourceTree = "<group>"; };
		7EB6ED19214036510030167A /* CVExtension+CollectionView.swift */ = {isa = PBXFileReference; lastKnownFileType = sourcecode.swift; path = "CVExtension+CollectionView.swift"; sourceTree = "<group>"; };
		7EB6ED1F21403B320030167A /* ImageView.swift */ = {isa = PBXFileReference; lastKnownFileType = sourcecode.swift; path = ImageView.swift; sourceTree = "<group>"; };
		7EB6ED2421403E1D0030167A /* CSExtension+CV.swift */ = {isa = PBXFileReference; lastKnownFileType = sourcecode.swift; path = "CSExtension+CV.swift"; sourceTree = "<group>"; };
		7EB6ED26214046390030167A /* AlertExtension.swift */ = {isa = PBXFileReference; lastKnownFileType = sourcecode.swift; path = AlertExtension.swift; sourceTree = "<group>"; };
		7EB6ED2F21405D5D0030167A /* SubCategory.swift */ = {isa = PBXFileReference; lastKnownFileType = sourcecode.swift; path = SubCategory.swift; sourceTree = "<group>"; };
		7EBBF6992144FB0E00A2117C /* ItemDetailsExtension.swift */ = {isa = PBXFileReference; lastKnownFileType = sourcecode.swift; path = ItemDetailsExtension.swift; sourceTree = "<group>"; };
		7EBBF69C2144FB7B00A2117C /* APIService.swift */ = {isa = PBXFileReference; lastKnownFileType = sourcecode.swift; path = APIService.swift; sourceTree = "<group>"; };
		7EC1118B213BC0B900CFF334 /* skeletonProject.app */ = {isa = PBXFileReference; explicitFileType = wrapper.application; includeInIndex = 0; path = skeletonProject.app; sourceTree = BUILT_PRODUCTS_DIR; };
		7EC1118E213BC0B900CFF334 /* AppDelegate.swift */ = {isa = PBXFileReference; lastKnownFileType = sourcecode.swift; path = AppDelegate.swift; sourceTree = "<group>"; };
		7EC11190213BC0B900CFF334 /* CountriesViewController.swift */ = {isa = PBXFileReference; lastKnownFileType = sourcecode.swift; path = CountriesViewController.swift; sourceTree = "<group>"; };
		7EC11193213BC0B900CFF334 /* Base */ = {isa = PBXFileReference; lastKnownFileType = file.storyboard; name = Base; path = Base.lproj/Main.storyboard; sourceTree = "<group>"; };
		7EC11195213BC0BA00CFF334 /* Assets.xcassets */ = {isa = PBXFileReference; lastKnownFileType = folder.assetcatalog; path = Assets.xcassets; sourceTree = "<group>"; };
		7EC11198213BC0BA00CFF334 /* Base */ = {isa = PBXFileReference; lastKnownFileType = file.storyboard; name = Base; path = Base.lproj/LaunchScreen.storyboard; sourceTree = "<group>"; };
		7EC1119A213BC0BA00CFF334 /* Info.plist */ = {isa = PBXFileReference; lastKnownFileType = text.plist.xml; path = Info.plist; sourceTree = "<group>"; };
		7EC111A0213BC16900CFF334 /* ConstraintExtension.swift */ = {isa = PBXFileReference; lastKnownFileType = sourcecode.swift; path = ConstraintExtension.swift; sourceTree = "<group>"; };
		7EC111A2213BC25F00CFF334 /* Country.swift */ = {isa = PBXFileReference; lastKnownFileType = sourcecode.swift; path = Country.swift; sourceTree = "<group>"; };
		7EC111A4213BC27300CFF334 /* CountryCell.swift */ = {isa = PBXFileReference; lastKnownFileType = sourcecode.swift; path = CountryCell.swift; sourceTree = "<group>"; };
		7EC111A6213BDC2500CFF334 /* Categories.swift */ = {isa = PBXFileReference; lastKnownFileType = sourcecode.swift; path = Categories.swift; sourceTree = "<group>"; };
		7EC111A8213BE56000CFF334 /* CategoryCell.swift */ = {isa = PBXFileReference; lastKnownFileType = sourcecode.swift; path = CategoryCell.swift; sourceTree = "<group>"; };
		7EC111AE213C502A00CFF334 /* SubCategoriesViewController.swift */ = {isa = PBXFileReference; lastKnownFileType = sourcecode.swift; path = SubCategoriesViewController.swift; sourceTree = "<group>"; };
		7EC111B0213C51AA00CFF334 /* SubCategoryCell.swift */ = {isa = PBXFileReference; lastKnownFileType = sourcecode.swift; path = SubCategoryCell.swift; sourceTree = "<group>"; };
		7EC111B2213C74E100CFF334 /* ItemDetails.swift */ = {isa = PBXFileReference; lastKnownFileType = sourcecode.swift; path = ItemDetails.swift; sourceTree = "<group>"; };
		7EC111B4213C75F100CFF334 /* ItemDetailsCell.swift */ = {isa = PBXFileReference; lastKnownFileType = sourcecode.swift; path = ItemDetailsCell.swift; sourceTree = "<group>"; };
		7ED762EC21649D61009EAD5B /* UserDefaults.swift */ = {isa = PBXFileReference; lastKnownFileType = sourcecode.swift; path = UserDefaults.swift; sourceTree = "<group>"; };
		CF10E20F0AE003E57D28EC4C /* Pods_skeletonProject.framework */ = {isa = PBXFileReference; explicitFileType = wrapper.framework; includeInIndex = 0; path = Pods_skeletonProject.framework; sourceTree = BUILT_PRODUCTS_DIR; };
/* End PBXFileReference section */

/* Begin PBXFrameworksBuildPhase section */
		7EC11188213BC0B900CFF334 /* Frameworks */ = {
			isa = PBXFrameworksBuildPhase;
			buildActionMask = 2147483647;
			files = (
				A8389EB4D738A8C55E258074 /* Pods_skeletonProject.framework in Frameworks */,
			);
			runOnlyForDeploymentPostprocessing = 0;
		};
/* End PBXFrameworksBuildPhase section */

/* Begin PBXGroup section */
		29E085B6FDB9B1BB341074F1 /* Frameworks */ = {
			isa = PBXGroup;
			children = (
				CF10E20F0AE003E57D28EC4C /* Pods_skeletonProject.framework */,
			);
			name = Frameworks;
			sourceTree = "<group>";
		};
		766855C9C7EDF652FF8D412D /* Pods */ = {
			isa = PBXGroup;
			children = (
				2DA1212B28D486C2D7D056D2 /* Pods-skeletonProject.debug.xcconfig */,
				37A98627E9602DA71A3C96AC /* Pods-skeletonProject.release.xcconfig */,
			);
			name = Pods;
			sourceTree = "<group>";
		};
		7EAD1688214AD3B900FF25F1 /* Single Item */ = {
			isa = PBXGroup;
			children = (
				7EAD168A214AD3DB00FF25F1 /* View */,
				7EAD168B214AD3E200FF25F1 /* Controller */,
			);
			path = "Single Item";
			sourceTree = "<group>";
		};
		7EAD168A214AD3DB00FF25F1 /* View */ = {
			isa = PBXGroup;
			children = (
				7EAD168E214AD4D500FF25F1 /* SingleItemCollectionViewCell.swift */,
			);
			path = View;
			sourceTree = "<group>";
		};
		7EAD168B214AD3E200FF25F1 /* Controller */ = {
			isa = PBXGroup;
			children = (
				7EAD168C214AD4B500FF25F1 /* SingleItemCollectionViewController.swift */,
			);
			path = Controller;
			sourceTree = "<group>";
		};
		7EB6ED17214035B70030167A /* Countries */ = {
			isa = PBXGroup;
			children = (
				7EB6ED1C2140389A0030167A /* Model */,
				7EB6ED1D21403AB00030167A /* View */,
				7EB6ED18214035D70030167A /* Controllers */,
			);
			path = Countries;
			sourceTree = "<group>";
		};
		7EB6ED18214035D70030167A /* Controllers */ = {
			isa = PBXGroup;
			children = (
				7EB6ED1B214038490030167A /* Controller Extensions */,
				7EC11190213BC0B900CFF334 /* CountriesViewController.swift */,
			);
			path = Controllers;
			sourceTree = "<group>";
		};
		7EB6ED1B214038490030167A /* Controller Extensions */ = {
			isa = PBXGroup;
			children = (
				7EB6ED19214036510030167A /* CVExtension+CollectionView.swift */,
			);
			path = "Controller Extensions";
			sourceTree = "<group>";
		};
		7EB6ED1C2140389A0030167A /* Model */ = {
			isa = PBXGroup;
			children = (
				7EC111A2213BC25F00CFF334 /* Country.swift */,
			);
			path = Model;
			sourceTree = "<group>";
		};
		7EB6ED1D21403AB00030167A /* View */ = {
			isa = PBXGroup;
			children = (
				7EC111A4213BC27300CFF334 /* CountryCell.swift */,
			);
			path = View;
			sourceTree = "<group>";
		};
		7EB6ED1E21403B280030167A /* Extensions */ = {
			isa = PBXGroup;
			children = (
				7EC111A0213BC16900CFF334 /* ConstraintExtension.swift */,
				7EB6ED1F21403B320030167A /* ImageView.swift */,
				7EB6ED26214046390030167A /* AlertExtension.swift */,
				7ED762EC21649D61009EAD5B /* UserDefaults.swift */,
			);
			path = Extensions;
			sourceTree = "<group>";
		};
		7EB6ED2121403B8A0030167A /* Categories */ = {
			isa = PBXGroup;
			children = (
				7EB6ED2921404B4F0030167A /* View */,
				7EB6ED28214049820030167A /* Model */,
				7EB6ED2221403BA30030167A /* Controller */,
			);
			path = Categories;
			sourceTree = "<group>";
		};
		7EB6ED2221403BA30030167A /* Controller */ = {
			isa = PBXGroup;
			children = (
				7EB6ED2321403CC00030167A /* Controllers Extension */,
				7EC111A6213BDC2500CFF334 /* Categories.swift */,
			);
			path = Controller;
			sourceTree = "<group>";
		};
		7EB6ED2321403CC00030167A /* Controllers Extension */ = {
			isa = PBXGroup;
			children = (
				7EB6ED2421403E1D0030167A /* CSExtension+CV.swift */,
			);
			path = "Controllers Extension";
			sourceTree = "<group>";
		};
		7EB6ED28214049820030167A /* Model */ = {
			isa = PBXGroup;
			children = (
				7EB6ED1521402BC50030167A /* Category.swift */,
			);
			path = Model;
			sourceTree = "<group>";
		};
		7EB6ED2921404B4F0030167A /* View */ = {
			isa = PBXGroup;
			children = (
				7EC111A8213BE56000CFF334 /* CategoryCell.swift */,
			);
			path = View;
			sourceTree = "<group>";
		};
		7EB6ED2A21404CA00030167A /* SubCategories */ = {
			isa = PBXGroup;
			children = (
				7EB6ED2D2140583F0030167A /* Controller */,
				7EB6ED2C214057100030167A /* View */,
				7EB6ED2B214056E80030167A /* Model */,
			);
			path = SubCategories;
			sourceTree = "<group>";
		};
		7EB6ED2B214056E80030167A /* Model */ = {
			isa = PBXGroup;
			children = (
				7EB6ED2F21405D5D0030167A /* SubCategory.swift */,
				7E4132862146D69B00D2549F /* ListItem.swift */,
			);
			path = Model;
			sourceTree = "<group>";
		};
		7EB6ED2C214057100030167A /* View */ = {
			isa = PBXGroup;
			children = (
				7EC111B0213C51AA00CFF334 /* SubCategoryCell.swift */,
			);
			path = View;
			sourceTree = "<group>";
		};
		7EB6ED2D2140583F0030167A /* Controller */ = {
			isa = PBXGroup;
			children = (
				7EC111AE213C502A00CFF334 /* SubCategoriesViewController.swift */,
			);
			path = Controller;
			sourceTree = "<group>";
		};
		7EBBF6942144FA8A00A2117C /* Item Details */ = {
			isa = PBXGroup;
			children = (
				7EBBF6972144FABF00A2117C /* Controller */,
				7EBBF6962144FAAE00A2117C /* View */,
				7EBBF6952144FAA300A2117C /* Model */,
			);
			path = "Item Details";
			sourceTree = "<group>";
		};
		7EBBF6952144FAA300A2117C /* Model */ = {
			isa = PBXGroup;
			children = (
				7E4132842146C56E00D2549F /* SubSubCategories.swift */,
			);
			path = Model;
			sourceTree = "<group>";
		};
		7EBBF6962144FAAE00A2117C /* View */ = {
			isa = PBXGroup;
			children = (
				7EC111B4213C75F100CFF334 /* ItemDetailsCell.swift */,
			);
			path = View;
			sourceTree = "<group>";
		};
		7EBBF6972144FABF00A2117C /* Controller */ = {
			isa = PBXGroup;
			children = (
				7EBBF6982144FAF800A2117C /* Controller Extension */,
				7EC111B2213C74E100CFF334 /* ItemDetails.swift */,
			);
			path = Controller;
			sourceTree = "<group>";
		};
		7EBBF6982144FAF800A2117C /* Controller Extension */ = {
			isa = PBXGroup;
			children = (
				7EBBF6992144FB0E00A2117C /* ItemDetailsExtension.swift */,
			);
			path = "Controller Extension";
			sourceTree = "<group>";
		};
		7EBBF69B2144FB6300A2117C /* API Service */ = {
			isa = PBXGroup;
			children = (
				7EBBF69C2144FB7B00A2117C /* APIService.swift */,
			);
			path = "API Service";
			sourceTree = "<group>";
		};
		7EC11182213BC0B900CFF334 = {
			isa = PBXGroup;
			children = (
				7EC1118D213BC0B900CFF334 /* skeletonProject */,
				7EC1118C213BC0B900CFF334 /* Products */,
				766855C9C7EDF652FF8D412D /* Pods */,
				29E085B6FDB9B1BB341074F1 /* Frameworks */,
			);
			sourceTree = "<group>";
		};
		7EC1118C213BC0B900CFF334 /* Products */ = {
			isa = PBXGroup;
			children = (
				7EC1118B213BC0B900CFF334 /* skeletonProject.app */,
			);
			name = Products;
			sourceTree = "<group>";
		};
		7EC1118D213BC0B900CFF334 /* skeletonProject */ = {
			isa = PBXGroup;
			children = (
				7EBBF69B2144FB6300A2117C /* API Service */,
				7EB6ED17214035B70030167A /* Countries */,
				7EB6ED2121403B8A0030167A /* Categories */,
				7EB6ED2A21404CA00030167A /* SubCategories */,
				7EBBF6942144FA8A00A2117C /* Item Details */,
				7EAD1688214AD3B900FF25F1 /* Single Item */,
				7EB6ED1E21403B280030167A /* Extensions */,
				7EC1118E213BC0B900CFF334 /* AppDelegate.swift */,
				7EC11192213BC0B900CFF334 /* Main.storyboard */,
				7EC11195213BC0BA00CFF334 /* Assets.xcassets */,
				7EC11197213BC0BA00CFF334 /* LaunchScreen.storyboard */,
				7EC1119A213BC0BA00CFF334 /* Info.plist */,
				7E41328821481F8300D2549F /* Post Details.swift */,
			);
			path = skeletonProject;
			sourceTree = "<group>";
		};
/* End PBXGroup section */

/* Begin PBXNativeTarget section */
		7EC1118A213BC0B900CFF334 /* skeletonProject */ = {
			isa = PBXNativeTarget;
			buildConfigurationList = 7EC1119D213BC0BA00CFF334 /* Build configuration list for PBXNativeTarget "skeletonProject" */;
			buildPhases = (
				D8069F1D656AA8CA05B2436B /* [CP] Check Pods Manifest.lock */,
				7EC11187213BC0B900CFF334 /* Sources */,
				7EC11188213BC0B900CFF334 /* Frameworks */,
				7EC11189213BC0B900CFF334 /* Resources */,
				7498FD0960D02ACD2062ADDC /* [CP] Embed Pods Frameworks */,
			);
			buildRules = (
			);
			dependencies = (
			);
			name = skeletonProject;
			productName = skeletonProject;
			productReference = 7EC1118B213BC0B900CFF334 /* skeletonProject.app */;
			productType = "com.apple.product-type.application";
		};
/* End PBXNativeTarget section */

/* Begin PBXProject section */
		7EC11183213BC0B900CFF334 /* Project object */ = {
			isa = PBXProject;
			attributes = {
				LastSwiftUpdateCheck = 0940;
				LastUpgradeCheck = 0940;
				ORGANIZATIONNAME = "Sherif  Wagih";
				TargetAttributes = {
					7EC1118A213BC0B900CFF334 = {
						CreatedOnToolsVersion = 9.4.1;
					};
				};
			};
			buildConfigurationList = 7EC11186213BC0B900CFF334 /* Build configuration list for PBXProject "skeletonProject" */;
			compatibilityVersion = "Xcode 9.3";
			developmentRegion = en;
			hasScannedForEncodings = 0;
			knownRegions = (
				en,
				Base,
			);
			mainGroup = 7EC11182213BC0B900CFF334;
			productRefGroup = 7EC1118C213BC0B900CFF334 /* Products */;
			projectDirPath = "";
			projectRoot = "";
			targets = (
				7EC1118A213BC0B900CFF334 /* skeletonProject */,
			);
		};
/* End PBXProject section */

/* Begin PBXResourcesBuildPhase section */
		7EC11189213BC0B900CFF334 /* Resources */ = {
			isa = PBXResourcesBuildPhase;
			buildActionMask = 2147483647;
			files = (
				7EC11199213BC0BA00CFF334 /* LaunchScreen.storyboard in Resources */,
				7EC11196213BC0BA00CFF334 /* Assets.xcassets in Resources */,
				7EC11194213BC0B900CFF334 /* Main.storyboard in Resources */,
			);
			runOnlyForDeploymentPostprocessing = 0;
		};
/* End PBXResourcesBuildPhase section */

/* Begin PBXShellScriptBuildPhase section */
		7498FD0960D02ACD2062ADDC /* [CP] Embed Pods Frameworks */ = {
			isa = PBXShellScriptBuildPhase;
			buildActionMask = 2147483647;
			files = (
			);
			inputPaths = (
				"${SRCROOT}/Pods/Target Support Files/Pods-skeletonProject/Pods-skeletonProject-frameworks.sh",
				"${BUILT_PRODUCTS_DIR}/Alamofire/Alamofire.framework",
				"${BUILT_PRODUCTS_DIR}/GoogleUtilities/GoogleUtilities.framework",
				"${BUILT_PRODUCTS_DIR}/SDWebImage/SDWebImage.framework",
				"${BUILT_PRODUCTS_DIR}/SVProgressHUD/SVProgressHUD.framework",
				"${BUILT_PRODUCTS_DIR}/nanopb/nanopb.framework",
			);
			name = "[CP] Embed Pods Frameworks";
			outputPaths = (
				"${TARGET_BUILD_DIR}/${FRAMEWORKS_FOLDER_PATH}/Alamofire.framework",
				"${TARGET_BUILD_DIR}/${FRAMEWORKS_FOLDER_PATH}/GoogleUtilities.framework",
				"${TARGET_BUILD_DIR}/${FRAMEWORKS_FOLDER_PATH}/SDWebImage.framework",
				"${TARGET_BUILD_DIR}/${FRAMEWORKS_FOLDER_PATH}/SVProgressHUD.framework",
				"${TARGET_BUILD_DIR}/${FRAMEWORKS_FOLDER_PATH}/nanopb.framework",
			);
			runOnlyForDeploymentPostprocessing = 0;
			shellPath = /bin/sh;
			shellScript = "\"${SRCROOT}/Pods/Target Support Files/Pods-skeletonProject/Pods-skeletonProject-frameworks.sh\"\n";
			showEnvVarsInLog = 0;
		};
		D8069F1D656AA8CA05B2436B /* [CP] Check Pods Manifest.lock */ = {
			isa = PBXShellScriptBuildPhase;
			buildActionMask = 2147483647;
			files = (
			);
			inputPaths = (
				"${PODS_PODFILE_DIR_PATH}/Podfile.lock",
				"${PODS_ROOT}/Manifest.lock",
			);
			name = "[CP] Check Pods Manifest.lock";
			outputPaths = (
				"$(DERIVED_FILE_DIR)/Pods-skeletonProject-checkManifestLockResult.txt",
			);
			runOnlyForDeploymentPostprocessing = 0;
			shellPath = /bin/sh;
			shellScript = "diff \"${PODS_PODFILE_DIR_PATH}/Podfile.lock\" \"${PODS_ROOT}/Manifest.lock\" > /dev/null\nif [ $? != 0 ] ; then\n    # print error to STDERR\n    echo \"error: The sandbox is not in sync with the Podfile.lock. Run 'pod install' or update your CocoaPods installation.\" >&2\n    exit 1\nfi\n# This output is used by Xcode 'outputs' to avoid re-running this script phase.\necho \"SUCCESS\" > \"${SCRIPT_OUTPUT_FILE_0}\"\n";
			showEnvVarsInLog = 0;
		};
/* End PBXShellScriptBuildPhase section */

/* Begin PBXSourcesBuildPhase section */
		7EC11187213BC0B900CFF334 /* Sources */ = {
			isa = PBXSourcesBuildPhase;
			buildActionMask = 2147483647;
			files = (
				7EB6ED3021405D5D0030167A /* SubCategory.swift in Sources */,
				7EBBF69D2144FB7B00A2117C /* APIService.swift in Sources */,
				7EAD168D214AD4B500FF25F1 /* SingleItemCollectionViewController.swift in Sources */,
				7EB6ED2021403B320030167A /* ImageView.swift in Sources */,
				7EC11191213BC0B900CFF334 /* CountriesViewController.swift in Sources */,
				7EC1118F213BC0B900CFF334 /* AppDelegate.swift in Sources */,
				7EC111A5213BC27300CFF334 /* CountryCell.swift in Sources */,
				7EC111B1213C51AA00CFF334 /* SubCategoryCell.swift in Sources */,
				7E4132852146C56E00D2549F /* SubSubCategories.swift in Sources */,
				7EC111B5213C75F100CFF334 /* ItemDetailsCell.swift in Sources */,
				7EB6ED2521403E1D0030167A /* CSExtension+CV.swift in Sources */,
				7EB6ED1621402BC50030167A /* Category.swift in Sources */,
				7EB6ED27214046390030167A /* AlertExtension.swift in Sources */,
				7EC111A3213BC25F00CFF334 /* Country.swift in Sources */,
				7ED762ED21649D61009EAD5B /* UserDefaults.swift in Sources */,
				7EC111AF213C502A00CFF334 /* SubCategoriesViewController.swift in Sources */,
				7EB6ED1A214036510030167A /* CVExtension+CollectionView.swift in Sources */,
				7E4132872146D69B00D2549F /* ListItem.swift in Sources */,
				7EAD168F214AD4D500FF25F1 /* SingleItemCollectionViewCell.swift in Sources */,
				7EC111A7213BDC2500CFF334 /* Categories.swift in Sources */,
				7EC111A1213BC16900CFF334 /* ConstraintExtension.swift in Sources */,
				7EBBF69A2144FB0E00A2117C /* ItemDetailsExtension.swift in Sources */,
				7EC111B3213C74E100CFF334 /* ItemDetails.swift in Sources */,
				7EC111A9213BE56000CFF334 /* CategoryCell.swift in Sources */,
				7E41328921481F8300D2549F /* Post Details.swift in Sources */,
			);
			runOnlyForDeploymentPostprocessing = 0;
		};
/* End PBXSourcesBuildPhase section */

/* Begin PBXVariantGroup section */
		7EC11192213BC0B900CFF334 /* Main.storyboard */ = {
			isa = PBXVariantGroup;
			children = (
				7EC11193213BC0B900CFF334 /* Base */,
			);
			name = Main.storyboard;
			sourceTree = "<group>";
		};
		7EC11197213BC0BA00CFF334 /* LaunchScreen.storyboard */ = {
			isa = PBXVariantGroup;
			children = (
				7EC11198213BC0BA00CFF334 /* Base */,
			);
			name = LaunchScreen.storyboard;
			sourceTree = "<group>";
		};
/* End PBXVariantGroup section */

/* Begin XCBuildConfiguration section */
		7EC1119B213BC0BA00CFF334 /* Debug */ = {
			isa = XCBuildConfiguration;
			buildSettings = {
				ALWAYS_SEARCH_USER_PATHS = NO;
				CLANG_ANALYZER_NONNULL = YES;
				CLANG_ANALYZER_NUMBER_OBJECT_CONVERSION = YES_AGGRESSIVE;
				CLANG_CXX_LANGUAGE_STANDARD = "gnu++14";
				CLANG_CXX_LIBRARY = "libc++";
				CLANG_ENABLE_MODULES = YES;
				CLANG_ENABLE_OBJC_ARC = YES;
				CLANG_ENABLE_OBJC_WEAK = YES;
				CLANG_WARN_BLOCK_CAPTURE_AUTORELEASING = YES;
				CLANG_WARN_BOOL_CONVERSION = YES;
				CLANG_WARN_COMMA = YES;
				CLANG_WARN_CONSTANT_CONVERSION = YES;
				CLANG_WARN_DEPRECATED_OBJC_IMPLEMENTATIONS = YES;
				CLANG_WARN_DIRECT_OBJC_ISA_USAGE = YES_ERROR;
				CLANG_WARN_DOCUMENTATION_COMMENTS = YES;
				CLANG_WARN_EMPTY_BODY = YES;
				CLANG_WARN_ENUM_CONVERSION = YES;
				CLANG_WARN_INFINITE_RECURSION = YES;
				CLANG_WARN_INT_CONVERSION = YES;
				CLANG_WARN_NON_LITERAL_NULL_CONVERSION = YES;
				CLANG_WARN_OBJC_IMPLICIT_RETAIN_SELF = YES;
				CLANG_WARN_OBJC_LITERAL_CONVERSION = YES;
				CLANG_WARN_OBJC_ROOT_CLASS = YES_ERROR;
				CLANG_WARN_RANGE_LOOP_ANALYSIS = YES;
				CLANG_WARN_STRICT_PROTOTYPES = YES;
				CLANG_WARN_SUSPICIOUS_MOVE = YES;
				CLANG_WARN_UNGUARDED_AVAILABILITY = YES_AGGRESSIVE;
				CLANG_WARN_UNREACHABLE_CODE = YES;
				CLANG_WARN__DUPLICATE_METHOD_MATCH = YES;
				CODE_SIGN_IDENTITY = "iPhone Developer";
				COPY_PHASE_STRIP = NO;
				DEBUG_INFORMATION_FORMAT = dwarf;
				ENABLE_STRICT_OBJC_MSGSEND = YES;
				ENABLE_TESTABILITY = YES;
				GCC_C_LANGUAGE_STANDARD = gnu11;
				GCC_DYNAMIC_NO_PIC = NO;
				GCC_NO_COMMON_BLOCKS = YES;
				GCC_OPTIMIZATION_LEVEL = 0;
				GCC_PREPROCESSOR_DEFINITIONS = (
					"DEBUG=1",
					"$(inherited)",
				);
				GCC_WARN_64_TO_32_BIT_CONVERSION = YES;
				GCC_WARN_ABOUT_RETURN_TYPE = YES_ERROR;
				GCC_WARN_UNDECLARED_SELECTOR = YES;
				GCC_WARN_UNINITIALIZED_AUTOS = YES_AGGRESSIVE;
				GCC_WARN_UNUSED_FUNCTION = YES;
				GCC_WARN_UNUSED_VARIABLE = YES;
				IPHONEOS_DEPLOYMENT_TARGET = 11.4;
				MTL_ENABLE_DEBUG_INFO = YES;
				ONLY_ACTIVE_ARCH = YES;
				SDKROOT = iphoneos;
				SWIFT_ACTIVE_COMPILATION_CONDITIONS = DEBUG;
				SWIFT_OPTIMIZATION_LEVEL = "-Onone";
			};
			name = Debug;
		};
		7EC1119C213BC0BA00CFF334 /* Release */ = {
			isa = XCBuildConfiguration;
			buildSettings = {
				ALWAYS_SEARCH_USER_PATHS = NO;
				CLANG_ANALYZER_NONNULL = YES;
				CLANG_ANALYZER_NUMBER_OBJECT_CONVERSION = YES_AGGRESSIVE;
				CLANG_CXX_LANGUAGE_STANDARD = "gnu++14";
				CLANG_CXX_LIBRARY = "libc++";
				CLANG_ENABLE_MODULES = YES;
				CLANG_ENABLE_OBJC_ARC = YES;
				CLANG_ENABLE_OBJC_WEAK = YES;
				CLANG_WARN_BLOCK_CAPTURE_AUTORELEASING = YES;
				CLANG_WARN_BOOL_CONVERSION = YES;
				CLANG_WARN_COMMA = YES;
				CLANG_WARN_CONSTANT_CONVERSION = YES;
				CLANG_WARN_DEPRECATED_OBJC_IMPLEMENTATIONS = YES;
				CLANG_WARN_DIRECT_OBJC_ISA_USAGE = YES_ERROR;
				CLANG_WARN_DOCUMENTATION_COMMENTS = YES;
				CLANG_WARN_EMPTY_BODY = YES;
				CLANG_WARN_ENUM_CONVERSION = YES;
				CLANG_WARN_INFINITE_RECURSION = YES;
				CLANG_WARN_INT_CONVERSION = YES;
				CLANG_WARN_NON_LITERAL_NULL_CONVERSION = YES;
				CLANG_WARN_OBJC_IMPLICIT_RETAIN_SELF = YES;
				CLANG_WARN_OBJC_LITERAL_CONVERSION = YES;
				CLANG_WARN_OBJC_ROOT_CLASS = YES_ERROR;
				CLANG_WARN_RANGE_LOOP_ANALYSIS = YES;
				CLANG_WARN_STRICT_PROTOTYPES = YES;
				CLANG_WARN_SUSPICIOUS_MOVE = YES;
				CLANG_WARN_UNGUARDED_AVAILABILITY = YES_AGGRESSIVE;
				CLANG_WARN_UNREACHABLE_CODE = YES;
				CLANG_WARN__DUPLICATE_METHOD_MATCH = YES;
				CODE_SIGN_IDENTITY = "iPhone Developer";
				COPY_PHASE_STRIP = NO;
				DEBUG_INFORMATION_FORMAT = "dwarf-with-dsym";
				ENABLE_NS_ASSERTIONS = NO;
				ENABLE_STRICT_OBJC_MSGSEND = YES;
				GCC_C_LANGUAGE_STANDARD = gnu11;
				GCC_NO_COMMON_BLOCKS = YES;
				GCC_WARN_64_TO_32_BIT_CONVERSION = YES;
				GCC_WARN_ABOUT_RETURN_TYPE = YES_ERROR;
				GCC_WARN_UNDECLARED_SELECTOR = YES;
				GCC_WARN_UNINITIALIZED_AUTOS = YES_AGGRESSIVE;
				GCC_WARN_UNUSED_FUNCTION = YES;
				GCC_WARN_UNUSED_VARIABLE = YES;
				IPHONEOS_DEPLOYMENT_TARGET = 11.4;
				MTL_ENABLE_DEBUG_INFO = NO;
				SDKROOT = iphoneos;
				SWIFT_COMPILATION_MODE = wholemodule;
				SWIFT_OPTIMIZATION_LEVEL = "-O";
				VALIDATE_PRODUCT = YES;
			};
			name = Release;
		};
		7EC1119E213BC0BA00CFF334 /* Debug */ = {
			isa = XCBuildConfiguration;
			baseConfigurationReference = 2DA1212B28D486C2D7D056D2 /* Pods-skeletonProject.debug.xcconfig */;
			buildSettings = {
				ASSETCATALOG_COMPILER_APPICON_NAME = AppIcon;
				CODE_SIGN_STYLE = Automatic;
				DEVELOPMENT_TEAM = GUS473JQDG;
				INFOPLIST_FILE = skeletonProject/Info.plist;
				LD_RUNPATH_SEARCH_PATHS = (
					"$(inherited)",
					"@executable_path/Frameworks",
				);
				PRODUCT_BUNDLE_IDENTIFIER = com.sherifzekry.skeletonProject;
				PRODUCT_NAME = "$(TARGET_NAME)";
				SWIFT_VERSION = 4.0;
				TARGETED_DEVICE_FAMILY = "1,2";
			};
			name = Debug;
		};
		7EC1119F213BC0BA00CFF334 /* Release */ = {
			isa = XCBuildConfiguration;
			baseConfigurationReference = 37A98627E9602DA71A3C96AC /* Pods-skeletonProject.release.xcconfig */;
			buildSettings = {
				ASSETCATALOG_COMPILER_APPICON_NAME = AppIcon;
				CODE_SIGN_STYLE = Automatic;
				DEVELOPMENT_TEAM = GUS473JQDG;
				INFOPLIST_FILE = skeletonProject/Info.plist;
				LD_RUNPATH_SEARCH_PATHS = (
					"$(inherited)",
					"@executable_path/Frameworks",
				);
				PRODUCT_BUNDLE_IDENTIFIER = com.sherifzekry.skeletonProject;
				PRODUCT_NAME = "$(TARGET_NAME)";
				SWIFT_VERSION = 4.0;
				TARGETED_DEVICE_FAMILY = "1,2";
			};
			name = Release;
		};
/* End XCBuildConfiguration section */

/* Begin XCConfigurationList section */
		7EC11186213BC0B900CFF334 /* Build configuration list for PBXProject "skeletonProject" */ = {
			isa = XCConfigurationList;
			buildConfigurations = (
				7EC1119B213BC0BA00CFF334 /* Debug */,
				7EC1119C213BC0BA00CFF334 /* Release */,
			);
			defaultConfigurationIsVisible = 0;
			defaultConfigurationName = Release;
		};
		7EC1119D213BC0BA00CFF334 /* Build configuration list for PBXNativeTarget "skeletonProject" */ = {
			isa = XCConfigurationList;
			buildConfigurations = (
				7EC1119E213BC0BA00CFF334 /* Debug */,
				7EC1119F213BC0BA00CFF334 /* Release */,
			);
			defaultConfigurationIsVisible = 0;
			defaultConfigurationName = Release;
		};
/* End XCConfigurationList section */
	};
	rootObject = 7EC11183213BC0B900CFF334 /* Project object */;
}
